{
  "requires": true,
  "lockfileVersion": 1,
  "dependencies": {
    "cordova-plugin-barcodescanner": {
      "version": "0.7.3",
      "resolved": "http://r.cnpmjs.org/cordova-plugin-barcodescanner/download/cordova-plugin-barcodescanner-0.7.3.tgz",
      "integrity": "sha1-kKnGyl3Tgkt1uOZa8dJkQCBU0xE="
    },
    "cordova-plugin-camera": {
      "version": "3.0.0",
      "resolved": "http://r.cnpmjs.org/cordova-plugin-camera/download/cordova-plugin-camera-3.0.0.tgz",
      "integrity": "sha1-khL/DiohHuhA2Kg/BR030N7AvR8="
    },
    "cordova-plugin-file": {
      "version": "5.0.0",
      "resolved": "http://r.cnpmjs.org/cordova-plugin-file/download/cordova-plugin-file-5.0.0.tgz",
      "integrity": "sha1-05doIyFmnAAL6McfjvRDiq6Pkl0="
    },
    "cordova-plugin-file-transfer": {
      "version": "1.7.0",
      "resolved": "http://r.cnpmjs.org/cordova-plugin-file-transfer/download/cordova-plugin-file-transfer-1.7.0.tgz",
      "integrity": "sha1-5iLBiomShlhQ0lvcMMxLcd5R2HQ="
    }
  }
}
