{
  "name": "com.tpcheck.tpri",
  "version": "1.0.0",
  "lockfileVersion": 1,
  "requires": true,
  "dependencies": {
    "cordova-plugin-camera": {
      "version": "3.0.0",
      "resolved": "http://r.cnpmjs.org/cordova-plugin-camera/download/cordova-plugin-camera-3.0.0.tgz",
      "integrity": "sha1-khL/DiohHuhA2Kg/BR030N7AvR8="
    },
    "cordova-plugin-compat": {
      "version": "1.2.0",
      "resolved": "http://r.cnpmjs.org/cordova-plugin-compat/download/cordova-plugin-compat-1.2.0.tgz",
      "integrity": "sha1-C8ZXVyduvZIMASzpIOJ0F3V2Nz4="
    },
    "cordova-plugin-console": {
      "version": "1.0.7",
      "resolved": "http://r.cnpmjs.org/cordova-plugin-console/download/cordova-plugin-console-1.0.7.tgz",
      "integrity": "sha1-ibepLtHDNYiN/ADZAtxBcgHPOws="
    },
    "cordova-plugin-file": {
      "version": "4.3.3",
      "resolved": "http://r.cnpmjs.org/cordova-plugin-file/download/cordova-plugin-file-4.3.3.tgz",
      "integrity": "sha1-AS6Xqhr7kfhJFuY0G1SDZtI96bk="
    },
    "cordova-plugin-file-transfer": {
      "version": "1.6.3",
      "resolved": "http://r.cnpmjs.org/cordova-plugin-file-transfer/download/cordova-plugin-file-transfer-1.6.3.tgz",
      "integrity": "sha1-bHHeY7B2y+xXDspmRYb/mlG4rCE="
    },
    "cordova-plugin-statusbar": {
      "version": "1.0.1",
      "resolved": "http://r.cnpmjs.org/cordova-plugin-statusbar/download/cordova-plugin-statusbar-1.0.1.tgz",
      "integrity": "sha1-8v1x2s7ND4h8204hLI4J5LQZzD0="
    },
    "cordova-plugin-whitelist": {
      "version": "1.2.2",
      "resolved": "http://r.cnpmjs.org/cordova-plugin-whitelist/download/cordova-plugin-whitelist-1.2.2.tgz",
      "integrity": "sha1-CFk/yVeIViCdQ3t2yLBHUp8Z9iM="
    }
  }
}
